
Microsoft Visual Studio Solution File, Format Version 12.00
# Visual Studio Version 17
VisualStudioVersion = 17.9.34728.123
MinimumVisualStudioVersion = 10.0.40219.1
Project("{9A19103F-16F7-4668-BE54-9A1E7A4F7556}") = "Assignment", "Assignment\Assignment.csproj", "{E5A6B1ED-5419-4BC2-8E95-E2393C7D9CB8}"
EndProject
Project("{2150E333-8FDC-42A3-9474-1A3956D46DE8}") = "Solution Items", "Solution Items", "{7CA54873-D0AC-44E4-967A-71E01D81AB46}"
	ProjectSection(SolutionItems) = preProject
		index.html = index.html
	EndProjectSection
EndProject
Global
	GlobalSection(SolutionConfigurationPlatforms) = preSolution
		Debug|Any CPU = Debug|Any CPU
		Release|Any CPU = Release|Any CPU
	EndGlobalSection
	GlobalSection(ProjectConfigurationPlatforms) = postSolution
		{E5A6B1ED-5419-4BC2-8E95-E2393C7D9CB8}.Debug|Any CPU.ActiveCfg = Debug|Any CPU
		{E5A6B1ED-5419-4BC2-8E95-E2393C7D9CB8}.Debug|Any CPU.Build.0 = Debug|Any CPU
		{E5A6B1ED-5419-4BC2-8E95-E2393C7D9CB8}.Release|Any CPU.ActiveCfg = Release|Any CPU
		{E5A6B1ED-5419-4BC2-8E95-E2393C7D9CB8}.Release|Any CPU.Build.0 = Release|Any CPU
	EndGlobalSection
	GlobalSection(SolutionProperties) = preSolution
		HideSolutionNode = FALSE
	EndGlobalSection
	GlobalSection(ExtensibilityGlobals) = postSolution
		SolutionGuid = {69C4B579-7A0C-4FFB-8271-1113C3329FCC}
	EndGlobalSection
EndGlobal
